
Microsoft Visual Studio Solution File, Format Version 12.00
# Visual Studio Version 16
VisualStudioVersion = 16.0.29326.143
MinimumVisualStudioVersion = 10.0.40219.1
Project("{FAE04EC0-301F-11D3-BF4B-00C04F79EFBC}") = "InsertPublisher", "InsertPublisher.csproj", "{99E4A32D-D4F9-4F58-9AF0-EC0DDF02CD60}"
EndProject
Project("{FAE04EC0-301F-11D3-BF4B-00C04F79EFBC}") = "SummaryPublisherApp", "..\SummaryPublisherApp\SummaryPublisherApp.csproj", "{1B89B3EF-B6A4-4305-80AD-4223E04516B7}"
EndProject
Global
	GlobalSection(SolutionConfigurationPlatforms) = preSolution
		Debug|Any CPU = Debug|Any CPU
		Release|Any CPU = Release|Any CPU
	EndGlobalSection
	GlobalSection(ProjectConfigurationPlatforms) = postSolution
		{99E4A32D-D4F9-4F58-9AF0-EC0DDF02CD60}.Debug|Any CPU.ActiveCfg = Debug|Any CPU
		{99E4A32D-D4F9-4F58-9AF0-EC0DDF02CD60}.Debug|Any CPU.Build.0 = Debug|Any CPU
		{99E4A32D-D4F9-4F58-9AF0-EC0DDF02CD60}.Release|Any CPU.ActiveCfg = Release|Any CPU
		{99E4A32D-D4F9-4F58-9AF0-EC0DDF02CD60}.Release|Any CPU.Build.0 = Release|Any CPU
		{1B89B3EF-B6A4-4305-80AD-4223E04516B7}.Debug|Any CPU.ActiveCfg = Debug|Any CPU
		{1B89B3EF-B6A4-4305-80AD-4223E04516B7}.Debug|Any CPU.Build.0 = Debug|Any CPU
		{1B89B3EF-B6A4-4305-80AD-4223E04516B7}.Release|Any CPU.ActiveCfg = Release|Any CPU
		{1B89B3EF-B6A4-4305-80AD-4223E04516B7}.Release|Any CPU.Build.0 = Release|Any CPU
	EndGlobalSection
	GlobalSection(SolutionProperties) = preSolution
		HideSolutionNode = FALSE
	EndGlobalSection
	GlobalSection(ExtensibilityGlobals) = postSolution
		SolutionGuid = {3D66A66C-7EA8-42C6-B5DB-046DD79E4448}
	EndGlobalSection
EndGlobal
